{
  "name": "dgfsalud",
  "version": "1.0.0",
  "lockfileVersion": 1,
  "requires": true,
  "dependencies": {
    "foundation-sites": {
      "version": "6.1.2",
      "resolved": "https://registry.npmjs.org/foundation-sites/-/foundation-sites-6.1.2.tgz",
      "integrity": "sha1-wzlW85lb7uz+1QnVr09a/1b/fQY=",
      "requires": {
        "jquery": "2.1.4",
        "what-input": "1.1.4"
      }
    },
    "jquery": {
      "version": "2.1.4",
      "resolved": "https://registry.npmjs.org/jquery/-/jquery-2.1.4.tgz",
      "integrity": "sha1-IoveaYoMYUMdwmMKahVPFYkNIxc="
    },
    "what-input": {
      "version": "1.1.4",
      "resolved": "https://registry.npmjs.org/what-input/-/what-input-1.1.4.tgz",
      "integrity": "sha1-F86j6XqcgK806wH7drlhDKm/jao="
    }
  }
}
